
Microsoft Visual Studio Solution File, Format Version 12.00
# Visual Studio Version 17
VisualStudioVersion = 17.0.32014.148
MinimumVisualStudioVersion = 10.0.40219.1
Project("{FAE04EC0-301F-11D3-BF4B-00C04F79EFBC}") = "Meme Downloader 2016", "Meme Downloader 2016.csproj", "{A0A21C99-61CD-43F4-803C-DF393F3F204A}"
EndProject
Global
	GlobalSection(SolutionConfigurationPlatforms) = preSolution
		Debug|Any CPU = Debug|Any CPU
		Release|Any CPU = Release|Any CPU
	EndGlobalSection
	GlobalSection(ProjectConfigurationPlatforms) = postSolution
		{A0A21C99-61CD-43F4-803C-DF393F3F204A}.Debug|Any CPU.ActiveCfg = Debug|Any CPU
		{A0A21C99-61CD-43F4-803C-DF393F3F204A}.Debug|Any CPU.Build.0 = Debug|Any CPU
		{A0A21C99-61CD-43F4-803C-DF393F3F204A}.Release|Any CPU.ActiveCfg = Release|Any CPU
		{A0A21C99-61CD-43F4-803C-DF393F3F204A}.Release|Any CPU.Build.0 = Release|Any CPU
	EndGlobalSection
	GlobalSection(SolutionProperties) = preSolution
		HideSolutionNode = FALSE
	EndGlobalSection
	GlobalSection(ExtensibilityGlobals) = postSolution
		SolutionGuid = {19EBB10F-51F8-402D-B42F-E8007F81F26A}
	EndGlobalSection
EndGlobal
